
Microsoft Visual Studio Solution File, Format Version 12.00
# Visual Studio Version 16
VisualStudioVersion = 16.0.31205.134
MinimumVisualStudioVersion = 10.0.40219.1
Project("{FAE04EC0-301F-11D3-BF4B-00C04F79EFBC}") = "Swapping", "Swapping\Swapping.csproj", "{19BCB1D8-A20C-4E3A-B01F-3EB1373C1F4C}"
EndProject
Global
	GlobalSection(SolutionConfigurationPlatforms) = preSolution
		Debug|Any CPU = Debug|Any CPU
		Release|Any CPU = Release|Any CPU
	EndGlobalSection
	GlobalSection(ProjectConfigurationPlatforms) = postSolution
		{19BCB1D8-A20C-4E3A-B01F-3EB1373C1F4C}.Debug|Any CPU.ActiveCfg = Debug|Any CPU
		{19BCB1D8-A20C-4E3A-B01F-3EB1373C1F4C}.Debug|Any CPU.Build.0 = Debug|Any CPU
		{19BCB1D8-A20C-4E3A-B01F-3EB1373C1F4C}.Release|Any CPU.ActiveCfg = Release|Any CPU
		{19BCB1D8-A20C-4E3A-B01F-3EB1373C1F4C}.Release|Any CPU.Build.0 = Release|Any CPU
	EndGlobalSection
	GlobalSection(SolutionProperties) = preSolution
		HideSolutionNode = FALSE
	EndGlobalSection
	GlobalSection(ExtensibilityGlobals) = postSolution
		SolutionGuid = {825C6D0A-99B9-4968-B032-769D24B8E4D8}
	EndGlobalSection
EndGlobal
