
Microsoft Visual Studio Solution File, Format Version 12.00
# Visual Studio Version 16
VisualStudioVersion = 16.0.31205.134
MinimumVisualStudioVersion = 10.0.40219.1
Project("{FAE04EC0-301F-11D3-BF4B-00C04F79EFBC}") = "GreaterNumber", "GreaterNumber\GreaterNumber.csproj", "{1EBCF085-68E3-46C2-876C-1EA892924EF9}"
EndProject
Global
	GlobalSection(SolutionConfigurationPlatforms) = preSolution
		Debug|Any CPU = Debug|Any CPU
		Release|Any CPU = Release|Any CPU
	EndGlobalSection
	GlobalSection(ProjectConfigurationPlatforms) = postSolution
		{1EBCF085-68E3-46C2-876C-1EA892924EF9}.Debug|Any CPU.ActiveCfg = Debug|Any CPU
		{1EBCF085-68E3-46C2-876C-1EA892924EF9}.Debug|Any CPU.Build.0 = Debug|Any CPU
		{1EBCF085-68E3-46C2-876C-1EA892924EF9}.Release|Any CPU.ActiveCfg = Release|Any CPU
		{1EBCF085-68E3-46C2-876C-1EA892924EF9}.Release|Any CPU.Build.0 = Release|Any CPU
	EndGlobalSection
	GlobalSection(SolutionProperties) = preSolution
		HideSolutionNode = FALSE
	EndGlobalSection
	GlobalSection(ExtensibilityGlobals) = postSolution
		SolutionGuid = {77C9E52E-EA54-40FA-9EB8-AD6E8D22F321}
	EndGlobalSection
EndGlobal
